
Microsoft Visual Studio Solution File, Format Version 12.00
# Visual Studio 15
Project("{FAE04EC0-301F-11D3-BF4B-00C04F79EFBC}") = "JM.Xamarin.Forms.ServiceRating.Sample.Android", "JM.Xamarin.Forms.ServiceRating.Sample\JM.Xamarin.Forms.ServiceRating.Sample.Android\JM.Xamarin.Forms.ServiceRating.Sample.Android.csproj", "{44043E8C-08B6-4E1B-884B-FD8341BFAB78}"
EndProject
Project("{FAE04EC0-301F-11D3-BF4B-00C04F79EFBC}") = "JM.Xamarin.Forms.ServiceRating.Sample.iOS", "JM.Xamarin.Forms.ServiceRating.Sample\JM.Xamarin.Forms.ServiceRating.Sample.iOS\JM.Xamarin.Forms.ServiceRating.Sample.iOS.csproj", "{9C6A07C5-6745-485A-8F9D-4F8BF4BF2407}"
EndProject
Project("{FAE04EC0-301F-11D3-BF4B-00C04F79EFBC}") = "JM.Xamarin.Forms.ServiceRating.Sample", "JM.Xamarin.Forms.ServiceRating.Sample\JM.Xamarin.Forms.ServiceRating.Sample\JM.Xamarin.Forms.ServiceRating.Sample.csproj", "{BD8E6C05-A02C-4CE7-8E4E-0A72A4E4F2EB}"
EndProject
Project("{2150E333-8FDC-42A3-9474-1A3956D46DE8}") = "Sample", "Sample", "{4B6B9FAC-C31D-4A09-8A82-EA18C460C799}"
EndProject
Project("{FAE04EC0-301F-11D3-BF4B-00C04F79EFBC}") = "JM.Xamarin.Forms.ServiceRating", "JM.Xamarin.Forms.ServiceRating\JM.Xamarin.Forms.ServiceRating.csproj", "{083C7076-2745-4491-AB3C-C96882E24578}"
EndProject
Project("{FAE04EC0-301F-11D3-BF4B-00C04F79EFBC}") = "JM.Xamarin.Forms.ServiceRating.iOS", "JM.Xamarin.Forms.ServiceRating.iOS\JM.Xamarin.Forms.ServiceRating.iOS.csproj", "{3D5FB252-C9A8-47B6-98C2-F30C41F96297}"
EndProject
Project("{FAE04EC0-301F-11D3-BF4B-00C04F79EFBC}") = "JM.Xamarin.Forms.ServiceRating.Android", "JM.Xamarin.Forms.ServiceRating.Droid\JM.Xamarin.Forms.ServiceRating.Android.csproj", "{BD97DAAA-AD9D-49F3-9907-36153B52C291}"
EndProject
Global
	GlobalSection(SolutionConfigurationPlatforms) = preSolution
		Debug|Any CPU = Debug|Any CPU
		Release|Any CPU = Release|Any CPU
		Debug|iPhoneSimulator = Debug|iPhoneSimulator
		Release|iPhoneSimulator = Release|iPhoneSimulator
		Debug|iPhone = Debug|iPhone
		Release|iPhone = Release|iPhone
	EndGlobalSection
	GlobalSection(ProjectConfigurationPlatforms) = postSolution
		{44043E8C-08B6-4E1B-884B-FD8341BFAB78}.Debug|Any CPU.ActiveCfg = Debug|Any CPU
		{44043E8C-08B6-4E1B-884B-FD8341BFAB78}.Debug|Any CPU.Build.0 = Debug|Any CPU
		{44043E8C-08B6-4E1B-884B-FD8341BFAB78}.Release|Any CPU.ActiveCfg = Release|Any CPU
		{44043E8C-08B6-4E1B-884B-FD8341BFAB78}.Release|Any CPU.Build.0 = Release|Any CPU
		{44043E8C-08B6-4E1B-884B-FD8341BFAB78}.Debug|iPhoneSimulator.ActiveCfg = Debug|Any CPU
		{44043E8C-08B6-4E1B-884B-FD8341BFAB78}.Debug|iPhoneSimulator.Build.0 = Debug|Any CPU
		{44043E8C-08B6-4E1B-884B-FD8341BFAB78}.Release|iPhoneSimulator.ActiveCfg = Release|Any CPU
		{44043E8C-08B6-4E1B-884B-FD8341BFAB78}.Release|iPhoneSimulator.Build.0 = Release|Any CPU
		{44043E8C-08B6-4E1B-884B-FD8341BFAB78}.Debug|iPhone.ActiveCfg = Debug|Any CPU
		{44043E8C-08B6-4E1B-884B-FD8341BFAB78}.Debug|iPhone.Build.0 = Debug|Any CPU
		{44043E8C-08B6-4E1B-884B-FD8341BFAB78}.Release|iPhone.ActiveCfg = Release|Any CPU
		{44043E8C-08B6-4E1B-884B-FD8341BFAB78}.Release|iPhone.Build.0 = Release|Any CPU
		{9C6A07C5-6745-485A-8F9D-4F8BF4BF2407}.Debug|Any CPU.ActiveCfg = Debug|iPhoneSimulator
		{9C6A07C5-6745-485A-8F9D-4F8BF4BF2407}.Debug|Any CPU.Build.0 = Debug|iPhoneSimulator
		{9C6A07C5-6745-485A-8F9D-4F8BF4BF2407}.Release|Any CPU.ActiveCfg = Release|iPhoneSimulator
		{9C6A07C5-6745-485A-8F9D-4F8BF4BF2407}.Release|Any CPU.Build.0 = Release|iPhoneSimulator
		{9C6A07C5-6745-485A-8F9D-4F8BF4BF2407}.Debug|iPhoneSimulator.ActiveCfg = Debug|iPhoneSimulator
		{9C6A07C5-6745-485A-8F9D-4F8BF4BF2407}.Debug|iPhoneSimulator.Build.0 = Debug|iPhoneSimulator
		{9C6A07C5-6745-485A-8F9D-4F8BF4BF2407}.Release|iPhoneSimulator.ActiveCfg = Release|iPhoneSimulator
		{9C6A07C5-6745-485A-8F9D-4F8BF4BF2407}.Release|iPhoneSimulator.Build.0 = Release|iPhoneSimulator
		{9C6A07C5-6745-485A-8F9D-4F8BF4BF2407}.Debug|iPhone.ActiveCfg = Debug|iPhone
		{9C6A07C5-6745-485A-8F9D-4F8BF4BF2407}.Debug|iPhone.Build.0 = Debug|iPhone
		{9C6A07C5-6745-485A-8F9D-4F8BF4BF2407}.Release|iPhone.ActiveCfg = Release|iPhone
		{9C6A07C5-6745-485A-8F9D-4F8BF4BF2407}.Release|iPhone.Build.0 = Release|iPhone
		{BD8E6C05-A02C-4CE7-8E4E-0A72A4E4F2EB}.Debug|Any CPU.ActiveCfg = Debug|Any CPU
		{BD8E6C05-A02C-4CE7-8E4E-0A72A4E4F2EB}.Debug|Any CPU.Build.0 = Debug|Any CPU
		{BD8E6C05-A02C-4CE7-8E4E-0A72A4E4F2EB}.Release|Any CPU.ActiveCfg = Release|Any CPU
		{BD8E6C05-A02C-4CE7-8E4E-0A72A4E4F2EB}.Release|Any CPU.Build.0 = Release|Any CPU
		{BD8E6C05-A02C-4CE7-8E4E-0A72A4E4F2EB}.Debug|iPhoneSimulator.ActiveCfg = Debug|Any CPU
		{BD8E6C05-A02C-4CE7-8E4E-0A72A4E4F2EB}.Debug|iPhoneSimulator.Build.0 = Debug|Any CPU
		{BD8E6C05-A02C-4CE7-8E4E-0A72A4E4F2EB}.Release|iPhoneSimulator.ActiveCfg = Release|Any CPU
		{BD8E6C05-A02C-4CE7-8E4E-0A72A4E4F2EB}.Release|iPhoneSimulator.Build.0 = Release|Any CPU
		{BD8E6C05-A02C-4CE7-8E4E-0A72A4E4F2EB}.Debug|iPhone.ActiveCfg = Debug|Any CPU
		{BD8E6C05-A02C-4CE7-8E4E-0A72A4E4F2EB}.Debug|iPhone.Build.0 = Debug|Any CPU
		{BD8E6C05-A02C-4CE7-8E4E-0A72A4E4F2EB}.Release|iPhone.ActiveCfg = Release|Any CPU
		{BD8E6C05-A02C-4CE7-8E4E-0A72A4E4F2EB}.Release|iPhone.Build.0 = Release|Any CPU
		{083C7076-2745-4491-AB3C-C96882E24578}.Debug|Any CPU.ActiveCfg = Debug|Any CPU
		{083C7076-2745-4491-AB3C-C96882E24578}.Debug|Any CPU.Build.0 = Debug|Any CPU
		{083C7076-2745-4491-AB3C-C96882E24578}.Release|Any CPU.ActiveCfg = Release|Any CPU
		{083C7076-2745-4491-AB3C-C96882E24578}.Release|Any CPU.Build.0 = Release|Any CPU
		{083C7076-2745-4491-AB3C-C96882E24578}.Debug|iPhoneSimulator.ActiveCfg = Debug|Any CPU
		{083C7076-2745-4491-AB3C-C96882E24578}.Debug|iPhoneSimulator.Build.0 = Debug|Any CPU
		{083C7076-2745-4491-AB3C-C96882E24578}.Release|iPhoneSimulator.ActiveCfg = Release|Any CPU
		{083C7076-2745-4491-AB3C-C96882E24578}.Release|iPhoneSimulator.Build.0 = Release|Any CPU
		{083C7076-2745-4491-AB3C-C96882E24578}.Debug|iPhone.ActiveCfg = Debug|Any CPU
		{083C7076-2745-4491-AB3C-C96882E24578}.Debug|iPhone.Build.0 = Debug|Any CPU
		{083C7076-2745-4491-AB3C-C96882E24578}.Release|iPhone.ActiveCfg = Release|Any CPU
		{083C7076-2745-4491-AB3C-C96882E24578}.Release|iPhone.Build.0 = Release|Any CPU
		{3D5FB252-C9A8-47B6-98C2-F30C41F96297}.Debug|Any CPU.ActiveCfg = Debug|Any CPU
		{3D5FB252-C9A8-47B6-98C2-F30C41F96297}.Debug|Any CPU.Build.0 = Debug|Any CPU
		{3D5FB252-C9A8-47B6-98C2-F30C41F96297}.Release|Any CPU.ActiveCfg = Release|Any CPU
		{3D5FB252-C9A8-47B6-98C2-F30C41F96297}.Release|Any CPU.Build.0 = Release|Any CPU
		{3D5FB252-C9A8-47B6-98C2-F30C41F96297}.Debug|iPhoneSimulator.ActiveCfg = Debug|Any CPU
		{3D5FB252-C9A8-47B6-98C2-F30C41F96297}.Debug|iPhoneSimulator.Build.0 = Debug|Any CPU
		{3D5FB252-C9A8-47B6-98C2-F30C41F96297}.Release|iPhoneSimulator.ActiveCfg = Release|Any CPU
		{3D5FB252-C9A8-47B6-98C2-F30C41F96297}.Release|iPhoneSimulator.Build.0 = Release|Any CPU
		{3D5FB252-C9A8-47B6-98C2-F30C41F96297}.Debug|iPhone.ActiveCfg = Debug|Any CPU
		{3D5FB252-C9A8-47B6-98C2-F30C41F96297}.Debug|iPhone.Build.0 = Debug|Any CPU
		{3D5FB252-C9A8-47B6-98C2-F30C41F96297}.Release|iPhone.ActiveCfg = Release|Any CPU
		{3D5FB252-C9A8-47B6-98C2-F30C41F96297}.Release|iPhone.Build.0 = Release|Any CPU
		{BD97DAAA-AD9D-49F3-9907-36153B52C291}.Debug|Any CPU.ActiveCfg = Debug|Any CPU
		{BD97DAAA-AD9D-49F3-9907-36153B52C291}.Debug|Any CPU.Build.0 = Debug|Any CPU
		{BD97DAAA-AD9D-49F3-9907-36153B52C291}.Release|Any CPU.ActiveCfg = Release|Any CPU
		{BD97DAAA-AD9D-49F3-9907-36153B52C291}.Release|Any CPU.Build.0 = Release|Any CPU
		{BD97DAAA-AD9D-49F3-9907-36153B52C291}.Debug|iPhoneSimulator.ActiveCfg = Debug|Any CPU
		{BD97DAAA-AD9D-49F3-9907-36153B52C291}.Debug|iPhoneSimulator.Build.0 = Debug|Any CPU
		{BD97DAAA-AD9D-49F3-9907-36153B52C291}.Release|iPhoneSimulator.ActiveCfg = Release|Any CPU
		{BD97DAAA-AD9D-49F3-9907-36153B52C291}.Release|iPhoneSimulator.Build.0 = Release|Any CPU
		{BD97DAAA-AD9D-49F3-9907-36153B52C291}.Debug|iPhone.ActiveCfg = Debug|Any CPU
		{BD97DAAA-AD9D-49F3-9907-36153B52C291}.Debug|iPhone.Build.0 = Debug|Any CPU
		{BD97DAAA-AD9D-49F3-9907-36153B52C291}.Release|iPhone.ActiveCfg = Release|Any CPU
		{BD97DAAA-AD9D-49F3-9907-36153B52C291}.Release|iPhone.Build.0 = Release|Any CPU
	EndGlobalSection
	GlobalSection(NestedProjects) = preSolution
		{BD8E6C05-A02C-4CE7-8E4E-0A72A4E4F2EB} = {4B6B9FAC-C31D-4A09-8A82-EA18C460C799}
		{44043E8C-08B6-4E1B-884B-FD8341BFAB78} = {4B6B9FAC-C31D-4A09-8A82-EA18C460C799}
		{9C6A07C5-6745-485A-8F9D-4F8BF4BF2407} = {4B6B9FAC-C31D-4A09-8A82-EA18C460C799}
	EndGlobalSection
EndGlobal
